
Microsoft Visual Studio Solution File, Format Version 12.00
# Visual Studio 15
VisualStudioVersion = 15.0.26730.15
MinimumVisualStudioVersion = 10.0.40219.1
Project("{FAE04EC0-301F-11D3-BF4B-00C04F79EFBC}") = "ProblemSolving.Lib", "ProblemSolving.Lib\ProblemSolving.Lib.csproj", "{C55FA8D6-EB02-487F-AE3C-589786077E6E}"
EndProject
Project("{FAE04EC0-301F-11D3-BF4B-00C04F79EFBC}") = "ProblemSolving.Test", "ProblemSolving.Test\ProblemSolving.Test.csproj", "{D61398D9-12A2-4F89-ABCC-F7253DE721F5}"
EndProject
Global
	GlobalSection(SolutionConfigurationPlatforms) = preSolution
		Debug|Any CPU = Debug|Any CPU
		Release|Any CPU = Release|Any CPU
	EndGlobalSection
	GlobalSection(ProjectConfigurationPlatforms) = postSolution
		{C55FA8D6-EB02-487F-AE3C-589786077E6E}.Debug|Any CPU.ActiveCfg = Debug|Any CPU
		{C55FA8D6-EB02-487F-AE3C-589786077E6E}.Debug|Any CPU.Build.0 = Debug|Any CPU
		{C55FA8D6-EB02-487F-AE3C-589786077E6E}.Release|Any CPU.ActiveCfg = Release|Any CPU
		{C55FA8D6-EB02-487F-AE3C-589786077E6E}.Release|Any CPU.Build.0 = Release|Any CPU
		{D61398D9-12A2-4F89-ABCC-F7253DE721F5}.Debug|Any CPU.ActiveCfg = Debug|Any CPU
		{D61398D9-12A2-4F89-ABCC-F7253DE721F5}.Debug|Any CPU.Build.0 = Debug|Any CPU
		{D61398D9-12A2-4F89-ABCC-F7253DE721F5}.Release|Any CPU.ActiveCfg = Release|Any CPU
		{D61398D9-12A2-4F89-ABCC-F7253DE721F5}.Release|Any CPU.Build.0 = Release|Any CPU
	EndGlobalSection
	GlobalSection(SolutionProperties) = preSolution
		HideSolutionNode = FALSE
	EndGlobalSection
	GlobalSection(ExtensibilityGlobals) = postSolution
		SolutionGuid = {B9471F4E-4258-4286-BFA5-C39EBB2D439A}
	EndGlobalSection
EndGlobal
